PODS:
  - AFNetworking (2.0.3):
    - AFNetworking/NSURLConnection
    - AFNetworking/NSURLSession
    - AFNetworking/Reachability
    - AFNetworking/Security
    - AFNetworking/Serialization
    - AFNetworking/UIKit
  - AFNetworking/NSURLConnection (2.0.3):
    - AFNetworking/Reachability
    - AFNetworking/Security
    - AFNetworking/Serialization
  - AFNetworking/NSURLSession (2.0.3):
    - AFNetworking/NSURLConnection
  - AFNetworking/Reachability (2.0.3)
  - AFNetworking/Security (2.0.3)
  - AFNetworking/Serialization (2.0.3)
  - AFNetworking/UIKit (2.0.3):
    - AFNetworking/NSURLConnection
  - IOSLinkedInAPI (2.0.0):
    - AFNetworking (>= 2.0.0)
  - Mixpanel (2.3.2)
  - XNGAPIClient (0.1.0):
    - XNGOAuth1Client (~> 0.0.2)
  - XNGOAuth1Client (0.0.2):
    - AFNetworking (~> 2.0.3)

DEPENDENCIES:
  - IOSLinkedInAPI
  - Mixpanel
  - XNGAPIClient (from `https://github.com/xing/XNGAPIClient.git`, commit `7f74fcb865fc44270846e53ee934ad5bb8623aa9`)

EXTERNAL SOURCES:
  XNGAPIClient:
    :commit: 7f74fcb865fc44270846e53ee934ad5bb8623aa9
    :git: https://github.com/xing/XNGAPIClient.git

SPEC CHECKSUMS:
  AFNetworking: e499052cbf3d743e9bb727bb37adb9dc2547ba15
  IOSLinkedInAPI: 1c1b1bc3fcf21607225d2b9cd704bffab0abfbe1
  Mixpanel: ddd79df92245a14d2b3064544d1e9ff037d8ac3a
  XNGAPIClient: 8a79add19b0246748df65728a32d4e279d376b7d
  XNGOAuth1Client: c80c37a557034666196164661874b7fd97afbcd3

COCOAPODS: 0.29.0
