<?xml version="1.0" encoding="UTF-8"?>
<!DOCTYPE plist PUBLIC "-//Apple//DTD PLIST 1.0//EN" "http://www.apple.com/DTDs/PropertyList-1.0.dtd">
<plist version="1.0">
<dict>
	<key>archiveVersion</key>
	<string>1</string>
	<key>classes</key>
	<dict/>
	<key>objectVersion</key>
	<string>46</string>
	<key>objects</key>
	<dict>
		<key>08D412D5137F47E28DDF7534</key>
		<dict>
			<key>buildActionMask</key>
			<string>2147483647</string>
			<key>files</key>
			<array/>
			<key>inputPaths</key>
			<array/>
			<key>isa</key>
			<string>PBXShellScriptBuildPhase</string>
			<key>name</key>
			<string>Check Pods Manifest.lock</string>
			<key>outputPaths</key>
			<array/>
			<key>runOnlyForDeploymentPostprocessing</key>
			<string>0</string>
			<key>shellPath</key>
			<string>/bin/sh</string>
			<key>shellScript</key>
			<string>diff "${PODS_ROOT}/../Podfile.lock" "${PODS_ROOT}/Manifest.lock" &gt; /dev/null
if [[ $? != 0 ]] ; then
    cat &lt;&lt; EOM
error: The sandbox is not in sync with the Podfile.lock. Run 'pod install' or update your CocoaPods installation.
EOM
    exit 1
fi
</string>
			<key>showEnvVarsInLog</key>
			<string>0</string>
		</dict>
		<key>461CA1817BCE6A38C1B70AB7</key>
		<dict>
			<key>includeInIndex</key>
			<string>1</string>
			<key>isa</key>
			<string>PBXFileReference</string>
			<key>lastKnownFileType</key>
			<string>text.xcconfig</string>
			<key>name</key>
			<string>Pods.release.xcconfig</string>
			<key>path</key>
			<string>Pods/Target Support Files/Pods/Pods.release.xcconfig</string>
			<key>sourceTree</key>
			<string>&lt;group&gt;</string>
		</dict>
		<key>4B1B7F3A199A24400098DB91</key>
		<dict>
			<key>fileEncoding</key>
			<string>4</string>
			<key>isa</key>
			<string>PBXFileReference</string>
			<key>lastKnownFileType</key>
			<string>sourcecode.c.h</string>
			<key>path</key>
			<string>EditAddressInputViewCell.h</string>
			<key>sourceTree</key>
			<string>&lt;group&gt;</string>
		</dict>
		<key>4B1B7F3B199A24400098DB91</key>
		<dict>
			<key>fileEncoding</key>
			<string>4</string>
			<key>isa</key>
			<string>PBXFileReference</string>
			<key>lastKnownFileType</key>
			<string>sourcecode.c.objc</string>
			<key>path</key>
			<string>EditAddressInputViewCell.m</string>
			<key>sourceTree</key>
			<string>&lt;group&gt;</string>
		</dict>
		<key>4B1B7F3C199A24400098DB91</key>
		<dict>
			<key>fileRef</key>
			<string>4B1B7F3B199A24400098DB91</string>
			<key>isa</key>
			<string>PBXBuildFile</string>
		</dict>
		<key>4B220DC619A40BC900163E5C</key>
		<dict>
			<key>fileEncoding</key>
			<string>4</string>
			<key>isa</key>
			<string>PBXFileReference</string>
			<key>lastKnownFileType</key>
			<string>file.storyboard</string>
			<key>path</key>
			<string>Main_iPhone.storyboard</string>
			<key>sourceTree</key>
			<string>&lt;group&gt;</string>
		</dict>
		<key>4B220DC719A40BC900163E5C</key>
		<dict>
			<key>fileRef</key>
			<string>4B220DC619A40BC900163E5C</string>
			<key>isa</key>
			<string>PBXBuildFile</string>
		</dict>
		<key>4B4E677E19A0FFBB00784D07</key>
		<dict>
			<key>fileEncoding</key>
			<string>4</string>
			<key>isa</key>
			<string>PBXFileReference</string>
			<key>lastKnownFileType</key>
			<string>sourcecode.c.h</string>
			<key>path</key>
			<string>VCardCreator.h</string>
			<key>sourceTree</key>
			<string>&lt;group&gt;</string>
		</dict>
		<key>4B4E677F19A0FFBB00784D07</key>
		<dict>
			<key>fileEncoding</key>
			<string>4</string>
			<key>isa</key>
			<string>PBXFileReference</string>
			<key>lastKnownFileType</key>
			<string>sourcecode.c.objc</string>
			<key>path</key>
			<string>VCardCreator.m</string>
			<key>sourceTree</key>
			<string>&lt;group&gt;</string>
		</dict>
		<key>4B4E678019A0FFBB00784D07</key>
		<dict>
			<key>fileRef</key>
			<string>4B4E677F19A0FFBB00784D07</string>
			<key>isa</key>
			<string>PBXBuildFile</string>
		</dict>
		<key>4B7E5098199C087B00C174EE</key>
		<dict>
			<key>children</key>
			<array>
				<string>4B7E5099199C087B00C174EE</string>
			</array>
			<key>isa</key>
			<string>PBXGroup</string>
			<key>path</key>
			<string>Strings</string>
			<key>sourceTree</key>
			<string>&lt;group&gt;</string>
		</dict>
		<key>4B7E5099199C087B00C174EE</key>
		<dict>
			<key>children</key>
			<array>
				<string>4B7E509A199C087B00C174EE</string>
				<string>4B7E509B199C087B00C174EE</string>
				<string>4B7E509C199C087B00C174EE</string>
				<string>4B7E509D199C087B00C174EE</string>
				<string>4B7E509E199C087B00C174EE</string>
				<string>4B7E509F199C087B00C174EE</string>
				<string>4B7E50A0199C087B00C174EE</string>
				<string>4B7E50A1199C087B00C174EE</string>
				<string>4B7E50A2199C087B00C174EE</string>
			</array>
			<key>isa</key>
			<string>PBXVariantGroup</string>
			<key>name</key>
			<string>Localizable.strings</string>
			<key>sourceTree</key>
			<string>&lt;group&gt;</string>
		</dict>
		<key>4B7E509A199C087B00C174EE</key>
		<dict>
			<key>isa</key>
			<string>PBXFileReference</string>
			<key>lastKnownFileType</key>
			<string>text.plist.strings</string>
			<key>name</key>
			<string>de</string>
			<key>path</key>
			<string>de.lproj/Localizable.strings</string>
			<key>sourceTree</key>
			<string>&lt;group&gt;</string>
		</dict>
		<key>4B7E509B199C087B00C174EE</key>
		<dict>
			<key>isa</key>
			<string>PBXFileReference</string>
			<key>lastKnownFileType</key>
			<string>text.plist.strings</string>
			<key>name</key>
			<string>en</string>
			<key>path</key>
			<string>en.lproj/Localizable.strings</string>
			<key>sourceTree</key>
			<string>&lt;group&gt;</string>
		</dict>
		<key>4B7E509C199C087B00C174EE</key>
		<dict>
			<key>isa</key>
			<string>PBXFileReference</string>
			<key>lastKnownFileType</key>
			<string>text.plist.strings</string>
			<key>name</key>
			<string>es</string>
			<key>path</key>
			<string>es.lproj/Localizable.strings</string>
			<key>sourceTree</key>
			<string>&lt;group&gt;</string>
		</dict>
		<key>4B7E509D199C087B00C174EE</key>
		<dict>
			<key>isa</key>
			<string>PBXFileReference</string>
			<key>lastKnownFileType</key>
			<string>text.plist.strings</string>
			<key>name</key>
			<string>fr</string>
			<key>path</key>
			<string>fr.lproj/Localizable.strings</string>
			<key>sourceTree</key>
			<string>&lt;group&gt;</string>
		</dict>
		<key>4B7E509E199C087B00C174EE</key>
		<dict>
			<key>isa</key>
			<string>PBXFileReference</string>
			<key>lastKnownFileType</key>
			<string>text.plist.strings</string>
			<key>name</key>
			<string>it</string>
			<key>path</key>
			<string>it.lproj/Localizable.strings</string>
			<key>sourceTree</key>
			<string>&lt;group&gt;</string>
		</dict>
		<key>4B7E509F199C087B00C174EE</key>
		<dict>
			<key>isa</key>
			<string>PBXFileReference</string>
			<key>lastKnownFileType</key>
			<string>text.plist.strings</string>
			<key>name</key>
			<string>pl</string>
			<key>path</key>
			<string>pl.lproj/Localizable.strings</string>
			<key>sourceTree</key>
			<string>&lt;group&gt;</string>
		</dict>
		<key>4B7E50A0199C087B00C174EE</key>
		<dict>
			<key>isa</key>
			<string>PBXFileReference</string>
			<key>lastKnownFileType</key>
			<string>text.plist.strings</string>
			<key>name</key>
			<string>pt</string>
			<key>path</key>
			<string>pt.lproj/Localizable.strings</string>
			<key>sourceTree</key>
			<string>&lt;group&gt;</string>
		</dict>
		<key>4B7E50A1199C087B00C174EE</key>
		<dict>
			<key>isa</key>
			<string>PBXFileReference</string>
			<key>lastKnownFileType</key>
			<string>text.plist.strings</string>
			<key>name</key>
			<string>ru</string>
			<key>path</key>
			<string>ru.lproj/Localizable.strings</string>
			<key>sourceTree</key>
			<string>&lt;group&gt;</string>
		</dict>
		<key>4B7E50A2199C087B00C174EE</key>
		<dict>
			<key>isa</key>
			<string>PBXFileReference</string>
			<key>lastKnownFileType</key>
			<string>text.plist.strings</string>
			<key>name</key>
			<string>tr</string>
			<key>path</key>
			<string>tr.lproj/Localizable.strings</string>
			<key>sourceTree</key>
			<string>&lt;group&gt;</string>
		</dict>
		<key>4B7E50A3199C087B00C174EE</key>
		<dict>
			<key>fileRef</key>
			<string>4B7E5099199C087B00C174EE</string>
			<key>isa</key>
			<string>PBXBuildFile</string>
		</dict>
		<key>4B7E50A4199C1EE400C174EE</key>
		<dict>
			<key>fileEncoding</key>
			<string>4</string>
			<key>isa</key>
			<string>PBXFileReference</string>
			<key>lastKnownFileType</key>
			<string>sourcecode.c.h</string>
			<key>path</key>
			<string>NimpleModel.h</string>
			<key>sourceTree</key>
			<string>&lt;group&gt;</string>
		</dict>
		<key>4B7E50A5199C1EE400C174EE</key>
		<dict>
			<key>fileEncoding</key>
			<string>4</string>
			<key>isa</key>
			<string>PBXFileReference</string>
			<key>lastKnownFileType</key>
			<string>sourcecode.c.objc</string>
			<key>path</key>
			<string>NimpleModel.m</string>
			<key>sourceTree</key>
			<string>&lt;group&gt;</string>
		</dict>
		<key>4B7E50A6199C1EE400C174EE</key>
		<dict>
			<key>fileRef</key>
			<string>4B7E50A5199C1EE400C174EE</string>
			<key>isa</key>
			<string>PBXBuildFile</string>
		</dict>
		<key>4BC48746199E218100FA0BE4</key>
		<dict>
			<key>fileEncoding</key>
			<string>4</string>
			<key>isa</key>
			<string>PBXFileReference</string>
			<key>lastKnownFileType</key>
			<string>sourcecode.c.h</string>
			<key>path</key>
			<string>NimpleCode.h</string>
			<key>sourceTree</key>
			<string>&lt;group&gt;</string>
		</dict>
		<key>4BC48747199E218100FA0BE4</key>
		<dict>
			<key>fileEncoding</key>
			<string>4</string>
			<key>isa</key>
			<string>PBXFileReference</string>
			<key>lastKnownFileType</key>
			<string>sourcecode.c.objc</string>
			<key>path</key>
			<string>NimpleCode.m</string>
			<key>sourceTree</key>
			<string>&lt;group&gt;</string>
		</dict>
		<key>4BC48748199E218100FA0BE4</key>
		<dict>
			<key>fileRef</key>
			<string>4BC48747199E218100FA0BE4</string>
			<key>isa</key>
			<string>PBXBuildFile</string>
		</dict>
		<key>4BC7815F19CD85D50026F72E</key>
		<dict>
			<key>isa</key>
			<string>PBXFileReference</string>
			<key>lastKnownFileType</key>
			<string>wrapper.framework</string>
			<key>name</key>
			<string>StoreKit.framework</string>
			<key>path</key>
			<string>System/Library/Frameworks/StoreKit.framework</string>
			<key>sourceTree</key>
			<string>SDKROOT</string>
		</dict>
		<key>4BC7816019CD85D50026F72E</key>
		<dict>
			<key>fileRef</key>
			<string>4BC7815F19CD85D50026F72E</string>
			<key>isa</key>
			<string>PBXBuildFile</string>
		</dict>
		<key>4BD6F144198AFAAE003C7B6F</key>
		<dict>
			<key>isa</key>
			<string>PBXFileReference</string>
			<key>lastKnownFileType</key>
			<string>wrapper.xcdatamodel</string>
			<key>path</key>
			<string>DataModel 3.xcdatamodel</string>
			<key>sourceTree</key>
			<string>&lt;group&gt;</string>
		</dict>
		<key>6F2291329DE145489E46EDA6</key>
		<dict>
			<key>buildActionMask</key>
			<string>2147483647</string>
			<key>files</key>
			<array/>
			<key>inputPaths</key>
			<array/>
			<key>isa</key>
			<string>PBXShellScriptBuildPhase</string>
			<key>name</key>
			<string>Copy Pods Resources</string>
			<key>outputPaths</key>
			<array/>
			<key>runOnlyForDeploymentPostprocessing</key>
			<string>0</string>
			<key>shellPath</key>
			<string>/bin/sh</string>
			<key>shellScript</key>
			<string>"${SRCROOT}/Pods/Target Support Files/Pods/Pods-resources.sh"
</string>
			<key>showEnvVarsInLog</key>
			<string>0</string>
		</dict>
		<key>946A20D5F5C647489F69E299</key>
		<dict>
			<key>fileRef</key>
			<string>A798CAD0311D484FB6A0B5A1</string>
			<key>isa</key>
			<string>PBXBuildFile</string>
		</dict>
		<key>9E6858B918C0F47E00C7D889</key>
		<dict>
			<key>isa</key>
			<string>PBXFileReference</string>
			<key>lastKnownFileType</key>
			<string>wrapper.framework</string>
			<key>name</key>
			<string>AVFoundation.framework</string>
			<key>path</key>
			<string>System/Library/Frameworks/AVFoundation.framework</string>
			<key>sourceTree</key>
			<string>SDKROOT</string>
		</dict>
		<key>9E6858BA18C0F47E00C7D889</key>
		<dict>
			<key>fileRef</key>
			<string>9E6858B918C0F47E00C7D889</string>
			<key>isa</key>
			<string>PBXBuildFile</string>
		</dict>
		<key>9E9CAB1F18C11C7F00A4FE27</key>
		<dict>
			<key>isa</key>
			<string>PBXFileReference</string>
			<key>lastKnownFileType</key>
			<string>wrapper.framework</string>
			<key>name</key>
			<string>CoreImage.framework</string>
			<key>path</key>
			<string>System/Library/Frameworks/CoreImage.framework</string>
			<key>sourceTree</key>
			<string>SDKROOT</string>
		</dict>
		<key>9E9CAB2018C11C7F00A4FE27</key>
		<dict>
			<key>fileRef</key>
			<string>9E9CAB1F18C11C7F00A4FE27</string>
			<key>isa</key>
			<string>PBXBuildFile</string>
		</dict>
		<key>A798CAD0311D484FB6A0B5A1</key>
		<dict>
			<key>explicitFileType</key>
			<string>archive.ar</string>
			<key>includeInIndex</key>
			<string>0</string>
			<key>isa</key>
			<string>PBXFileReference</string>
			<key>path</key>
			<string>libPods.a</string>
			<key>sourceTree</key>
			<string>BUILT_PRODUCTS_DIR</string>
		</dict>
		<key>A8B4B80C86C007330F4E215C</key>
		<dict>
			<key>children</key>
			<array>
				<string>B0433634D5D5B22A9E4BA45F</string>
				<string>461CA1817BCE6A38C1B70AB7</string>
			</array>
			<key>isa</key>
			<string>PBXGroup</string>
			<key>name</key>
			<string>Pods</string>
			<key>sourceTree</key>
			<string>&lt;group&gt;</string>
		</dict>
		<key>B0433634D5D5B22A9E4BA45F</key>
		<dict>
			<key>includeInIndex</key>
			<string>1</string>
			<key>isa</key>
			<string>PBXFileReference</string>
			<key>lastKnownFileType</key>
			<string>text.xcconfig</string>
			<key>name</key>
			<string>Pods.debug.xcconfig</string>
			<key>path</key>
			<string>Pods/Target Support Files/Pods/Pods.debug.xcconfig</string>
			<key>sourceTree</key>
			<string>&lt;group&gt;</string>
		</dict>
		<key>B501C8FB19071D40008F02CF</key>
		<dict>
			<key>isa</key>
			<string>PBXFileReference</string>
			<key>lastKnownFileType</key>
			<string>wrapper.xcdatamodel</string>
			<key>path</key>
			<string>DataModel 2.xcdatamodel</string>
			<key>sourceTree</key>
			<string>&lt;group&gt;</string>
		</dict>
		<key>B526D76B1909AB1000055177</key>
		<dict>
			<key>fileEncoding</key>
			<string>4</string>
			<key>isa</key>
			<string>PBXFileReference</string>
			<key>lastKnownFileType</key>
			<string>sourcecode.c.h</string>
			<key>path</key>
			<string>Logging.h</string>
			<key>sourceTree</key>
			<string>&lt;group&gt;</string>
		</dict>
		<key>B526D76C1909AB1000055177</key>
		<dict>
			<key>fileEncoding</key>
			<string>4</string>
			<key>isa</key>
			<string>PBXFileReference</string>
			<key>lastKnownFileType</key>
			<string>sourcecode.c.objc</string>
			<key>path</key>
			<string>Logging.m</string>
			<key>sourceTree</key>
			<string>&lt;group&gt;</string>
		</dict>
		<key>B526D76D1909AB1000055177</key>
		<dict>
			<key>fileRef</key>
			<string>B526D76C1909AB1000055177</string>
			<key>isa</key>
			<string>PBXBuildFile</string>
		</dict>
		<key>B53CD2381904AAB200928B43</key>
		<dict>
			<key>fileEncoding</key>
			<string>4</string>
			<key>isa</key>
			<string>PBXFileReference</string>
			<key>lastKnownFileType</key>
			<string>sourcecode.c.h</string>
			<key>path</key>
			<string>VCardParser.h</string>
			<key>sourceTree</key>
			<string>&lt;group&gt;</string>
		</dict>
		<key>B53CD2391904AAB200928B43</key>
		<dict>
			<key>fileEncoding</key>
			<string>4</string>
			<key>isa</key>
			<string>PBXFileReference</string>
			<key>lastKnownFileType</key>
			<string>sourcecode.c.objc</string>
			<key>path</key>
			<string>VCardParser.m</string>
			<key>sourceTree</key>
			<string>&lt;group&gt;</string>
		</dict>
		<key>B53CD23A1904AAB200928B43</key>
		<dict>
			<key>fileRef</key>
			<string>B53CD2391904AAB200928B43</string>
			<key>isa</key>
			<string>PBXBuildFile</string>
		</dict>
		<key>B5408AF11904A1A70033DF1A</key>
		<dict>
			<key>isa</key>
			<string>PBXFileReference</string>
			<key>lastKnownFileType</key>
			<string>wrapper.framework</string>
			<key>name</key>
			<string>FacebookSDK.framework</string>
			<key>path</key>
			<string>Externals/FacebookSDK.framework</string>
			<key>sourceTree</key>
			<string>&lt;group&gt;</string>
		</dict>
		<key>B5408AF21904A1A70033DF1A</key>
		<dict>
			<key>fileRef</key>
			<string>B5408AF11904A1A70033DF1A</string>
			<key>isa</key>
			<string>PBXBuildFile</string>
		</dict>
		<key>B5408AF31904A1D60033DF1A</key>
		<dict>
			<key>children</key>
			<array>
				<string>B5408AF41904A1D60033DF1A</string>
				<string>B5408AF71904A1D60033DF1A</string>
				<string>B5408B061904A1D60033DF1A</string>
				<string>B5408B081904A1D60033DF1A</string>
				<string>B5408B0D1904A1D60033DF1A</string>
			</array>
			<key>isa</key>
			<string>PBXGroup</string>
			<key>path</key>
			<string>Classes</string>
			<key>sourceTree</key>
			<string>&lt;group&gt;</string>
		</dict>
		<key>B5408AF41904A1D60033DF1A</key>
		<dict>
			<key>children</key>
			<array>
				<string>B5408AF51904A1D60033DF1A</string>
				<string>B5408AF61904A1D60033DF1A</string>
			</array>
			<key>isa</key>
			<string>PBXGroup</string>
			<key>path</key>
			<string>AppDelegate</string>
			<key>sourceTree</key>
			<string>&lt;group&gt;</string>
		</dict>
		<key>B5408AF51904A1D60033DF1A</key>
		<dict>
			<key>fileEncoding</key>
			<string>4</string>
			<key>isa</key>
			<string>PBXFileReference</string>
			<key>lastKnownFileType</key>
			<string>sourcecode.c.h</string>
			<key>path</key>
			<string>NimpleAppDelegate.h</string>
			<key>sourceTree</key>
			<string>&lt;group&gt;</string>
		</dict>
		<key>B5408AF61904A1D60033DF1A</key>
		<dict>
			<key>fileEncoding</key>
			<string>4</string>
			<key>isa</key>
			<string>PBXFileReference</string>
			<key>lastKnownFileType</key>
			<string>sourcecode.c.objc</string>
			<key>path</key>
			<string>NimpleAppDelegate.m</string>
			<key>sourceTree</key>
			<string>&lt;group&gt;</string>
		</dict>
		<key>B5408AF71904A1D60033DF1A</key>
		<dict>
			<key>children</key>
			<array>
				<string>B5408AF81904A1D60033DF1A</string>
				<string>B5408AF91904A1D60033DF1A</string>
				<string>B5408AFA1904A1D60033DF1A</string>
				<string>B5408AFB1904A1D60033DF1A</string>
				<string>B5408AFC1904A1D60033DF1A</string>
				<string>B5408AFD1904A1D60033DF1A</string>
				<string>B5408B001904A1D60033DF1A</string>
				<string>B5408B011904A1D60033DF1A</string>
				<string>B5408B021904A1D60033DF1A</string>
				<string>B5408B031904A1D60033DF1A</string>
				<string>B5408B041904A1D60033DF1A</string>
				<string>B5408B051904A1D60033DF1A</string>
				<string>B5BE972919053FD100F49DEC</string>
				<string>B5BE972A19053FD100F49DEC</string>
			</array>
			<key>isa</key>
			<string>PBXGroup</string>
			<key>path</key>
			<string>Controllers</string>
			<key>sourceTree</key>
			<string>&lt;group&gt;</string>
		</dict>
		<key>B5408AF81904A1D60033DF1A</key>
		<dict>
			<key>fileEncoding</key>
			<string>4</string>
			<key>isa</key>
			<string>PBXFileReference</string>
			<key>lastKnownFileType</key>
			<string>sourcecode.c.h</string>
			<key>path</key>
			<string>BarCodeReaderController.h</string>
			<key>sourceTree</key>
			<string>&lt;group&gt;</string>
		</dict>
		<key>B5408AF91904A1D60033DF1A</key>
		<dict>
			<key>fileEncoding</key>
			<string>4</string>
			<key>isa</key>
			<string>PBXFileReference</string>
			<key>lastKnownFileType</key>
			<string>sourcecode.c.objc</string>
			<key>lineEnding</key>
			<string>0</string>
			<key>path</key>
			<string>BarCodeReaderController.m</string>
			<key>sourceTree</key>
			<string>&lt;group&gt;</string>
			<key>xcLanguageSpecificationIdentifier</key>
			<string>xcode.lang.objc</string>
		</dict>
		<key>B5408AFA1904A1D60033DF1A</key>
		<dict>
			<key>fileEncoding</key>
			<string>4</string>
			<key>isa</key>
			<string>PBXFileReference</string>
			<key>lastKnownFileType</key>
			<string>sourcecode.c.h</string>
			<key>path</key>
			<string>ContactsViewController.h</string>
			<key>sourceTree</key>
			<string>&lt;group&gt;</string>
		</dict>
		<key>B5408AFB1904A1D60033DF1A</key>
		<dict>
			<key>fileEncoding</key>
			<string>4</string>
			<key>isa</key>
			<string>PBXFileReference</string>
			<key>lastKnownFileType</key>
			<string>sourcecode.c.objc</string>
			<key>path</key>
			<string>ContactsViewController.m</string>
			<key>sourceTree</key>
			<string>&lt;group&gt;</string>
		</dict>
		<key>B5408AFC1904A1D60033DF1A</key>
		<dict>
			<key>fileEncoding</key>
			<string>4</string>
			<key>isa</key>
			<string>PBXFileReference</string>
			<key>lastKnownFileType</key>
			<string>sourcecode.c.h</string>
			<key>path</key>
			<string>EditNimpleCodeTableViewController.h</string>
			<key>sourceTree</key>
			<string>&lt;group&gt;</string>
		</dict>
		<key>B5408AFD1904A1D60033DF1A</key>
		<dict>
			<key>fileEncoding</key>
			<string>4</string>
			<key>isa</key>
			<string>PBXFileReference</string>
			<key>lastKnownFileType</key>
			<string>sourcecode.c.objc</string>
			<key>lineEnding</key>
			<string>0</string>
			<key>path</key>
			<string>EditNimpleCodeTableViewController.m</string>
			<key>sourceTree</key>
			<string>&lt;group&gt;</string>
			<key>xcLanguageSpecificationIdentifier</key>
			<string>xcode.lang.objc</string>
		</dict>
		<key>B5408B001904A1D60033DF1A</key>
		<dict>
			<key>fileEncoding</key>
			<string>4</string>
			<key>isa</key>
			<string>PBXFileReference</string>
			<key>lastKnownFileType</key>
			<string>sourcecode.c.h</string>
			<key>path</key>
			<string>NimpleCardViewController.h</string>
			<key>sourceTree</key>
			<string>&lt;group&gt;</string>
		</dict>
		<key>B5408B011904A1D60033DF1A</key>
		<dict>
			<key>fileEncoding</key>
			<string>4</string>
			<key>isa</key>
			<string>PBXFileReference</string>
			<key>lastKnownFileType</key>
			<string>sourcecode.c.objc</string>
			<key>path</key>
			<string>NimpleCardViewController.m</string>
			<key>sourceTree</key>
			<string>&lt;group&gt;</string>
		</dict>
		<key>B5408B021904A1D60033DF1A</key>
		<dict>
			<key>fileEncoding</key>
			<string>4</string>
			<key>isa</key>
			<string>PBXFileReference</string>
			<key>lastKnownFileType</key>
			<string>sourcecode.c.h</string>
			<key>path</key>
			<string>NimpleCodeViewController.h</string>
			<key>sourceTree</key>
			<string>&lt;group&gt;</string>
		</dict>
		<key>B5408B031904A1D60033DF1A</key>
		<dict>
			<key>fileEncoding</key>
			<string>4</string>
			<key>isa</key>
			<string>PBXFileReference</string>
			<key>lastKnownFileType</key>
			<string>sourcecode.c.objc</string>
			<key>path</key>
			<string>NimpleCodeViewController.m</string>
			<key>sourceTree</key>
			<string>&lt;group&gt;</string>
		</dict>
		<key>B5408B041904A1D60033DF1A</key>
		<dict>
			<key>fileEncoding</key>
			<string>4</string>
			<key>isa</key>
			<string>PBXFileReference</string>
			<key>lastKnownFileType</key>
			<string>sourcecode.c.h</string>
			<key>path</key>
			<string>SettingsTableViewController.h</string>
			<key>sourceTree</key>
			<string>&lt;group&gt;</string>
		</dict>
		<key>B5408B051904A1D60033DF1A</key>
		<dict>
			<key>fileEncoding</key>
			<string>4</string>
			<key>isa</key>
			<string>PBXFileReference</string>
			<key>lastKnownFileType</key>
			<string>sourcecode.c.objc</string>
			<key>path</key>
			<string>SettingsTableViewController.m</string>
			<key>sourceTree</key>
			<string>&lt;group&gt;</string>
		</dict>
		<key>B5408B061904A1D60033DF1A</key>
		<dict>
			<key>children</key>
			<array>
				<string>B5408B071904A1D60033DF1A</string>
				<string>B5E1AE021909C3330051589D</string>
				<string>B5E1AE031909C3330051589D</string>
				<string>B526D76B1909AB1000055177</string>
				<string>B526D76C1909AB1000055177</string>
				<string>4B4E677E19A0FFBB00784D07</string>
				<string>4B4E677F19A0FFBB00784D07</string>
				<string>B53CD2381904AAB200928B43</string>
				<string>B53CD2391904AAB200928B43</string>
			</array>
			<key>isa</key>
			<string>PBXGroup</string>
			<key>path</key>
			<string>Helpers</string>
			<key>sourceTree</key>
			<string>&lt;group&gt;</string>
		</dict>
		<key>B5408B071904A1D60033DF1A</key>
		<dict>
			<key>fileEncoding</key>
			<string>4</string>
			<key>isa</key>
			<string>PBXFileReference</string>
			<key>lastKnownFileType</key>
			<string>sourcecode.c.objc</string>
			<key>path</key>
			<string>main.m</string>
			<key>sourceTree</key>
			<string>&lt;group&gt;</string>
		</dict>
		<key>B5408B081904A1D60033DF1A</key>
		<dict>
			<key>children</key>
			<array>
				<string>B5408B091904A1D60033DF1A</string>
				<string>B5408B0B1904A1D60033DF1A</string>
				<string>B5408B0C1904A1D60033DF1A</string>
				<string>4B7E50A4199C1EE400C174EE</string>
				<string>4B7E50A5199C1EE400C174EE</string>
				<string>4BC48746199E218100FA0BE4</string>
				<string>4BC48747199E218100FA0BE4</string>
			</array>
			<key>isa</key>
			<string>PBXGroup</string>
			<key>path</key>
			<string>Models</string>
			<key>sourceTree</key>
			<string>&lt;group&gt;</string>
		</dict>
		<key>B5408B091904A1D60033DF1A</key>
		<dict>
			<key>children</key>
			<array>
				<string>B501C8FB19071D40008F02CF</string>
				<string>4BD6F144198AFAAE003C7B6F</string>
				<string>B5408B0A1904A1D60033DF1A</string>
			</array>
			<key>currentVersion</key>
			<string>4BD6F144198AFAAE003C7B6F</string>
			<key>isa</key>
			<string>XCVersionGroup</string>
			<key>path</key>
			<string>DataModel.xcdatamodeld</string>
			<key>sourceTree</key>
			<string>&lt;group&gt;</string>
			<key>versionGroupType</key>
			<string>wrapper.xcdatamodel</string>
		</dict>
		<key>B5408B0A1904A1D60033DF1A</key>
		<dict>
			<key>isa</key>
			<string>PBXFileReference</string>
			<key>lastKnownFileType</key>
			<string>wrapper.xcdatamodel</string>
			<key>path</key>
			<string>DataModel.xcdatamodel</string>
			<key>sourceTree</key>
			<string>&lt;group&gt;</string>
		</dict>
		<key>B5408B0B1904A1D60033DF1A</key>
		<dict>
			<key>fileEncoding</key>
			<string>4</string>
			<key>isa</key>
			<string>PBXFileReference</string>
			<key>lastKnownFileType</key>
			<string>sourcecode.c.h</string>
			<key>path</key>
			<string>NimpleContact.h</string>
			<key>sourceTree</key>
			<string>&lt;group&gt;</string>
		</dict>
		<key>B5408B0C1904A1D60033DF1A</key>
		<dict>
			<key>fileEncoding</key>
			<string>4</string>
			<key>isa</key>
			<string>PBXFileReference</string>
			<key>lastKnownFileType</key>
			<string>sourcecode.c.objc</string>
			<key>path</key>
			<string>NimpleContact.m</string>
			<key>sourceTree</key>
			<string>&lt;group&gt;</string>
		</dict>
		<key>B5408B0D1904A1D60033DF1A</key>
		<dict>
			<key>children</key>
			<array>
				<string>4B220DC619A40BC900163E5C</string>
				<string>B5408B0E1904A1D60033DF1A</string>
				<string>B5408B0F1904A1D60033DF1A</string>
				<string>B5408B101904A1D60033DF1A</string>
				<string>B5408B111904A1D60033DF1A</string>
				<string>B5408B121904A1D60033DF1A</string>
				<string>B5408B131904A1D60033DF1A</string>
				<string>4B1B7F3A199A24400098DB91</string>
				<string>4B1B7F3B199A24400098DB91</string>
			</array>
			<key>isa</key>
			<string>PBXGroup</string>
			<key>path</key>
			<string>Views</string>
			<key>sourceTree</key>
			<string>&lt;group&gt;</string>
		</dict>
		<key>B5408B0E1904A1D60033DF1A</key>
		<dict>
			<key>fileEncoding</key>
			<string>4</string>
			<key>isa</key>
			<string>PBXFileReference</string>
			<key>lastKnownFileType</key>
			<string>sourcecode.c.h</string>
			<key>path</key>
			<string>ConnectSocialProfileViewCell.h</string>
			<key>sourceTree</key>
			<string>&lt;group&gt;</string>
		</dict>
		<key>B5408B0F1904A1D60033DF1A</key>
		<dict>
			<key>fileEncoding</key>
			<string>4</string>
			<key>isa</key>
			<string>PBXFileReference</string>
			<key>lastKnownFileType</key>
			<string>sourcecode.c.objc</string>
			<key>lineEnding</key>
			<string>0</string>
			<key>path</key>
			<string>ConnectSocialProfileViewCell.m</string>
			<key>sourceTree</key>
			<string>&lt;group&gt;</string>
			<key>xcLanguageSpecificationIdentifier</key>
			<string>xcode.lang.objc</string>
		</dict>
		<key>B5408B101904A1D60033DF1A</key>
		<dict>
			<key>fileEncoding</key>
			<string>4</string>
			<key>isa</key>
			<string>PBXFileReference</string>
			<key>lastKnownFileType</key>
			<string>sourcecode.c.h</string>
			<key>path</key>
			<string>ContactTableViewCell.h</string>
			<key>sourceTree</key>
			<string>&lt;group&gt;</string>
		</dict>
		<key>B5408B111904A1D60033DF1A</key>
		<dict>
			<key>fileEncoding</key>
			<string>4</string>
			<key>isa</key>
			<string>PBXFileReference</string>
			<key>lastKnownFileType</key>
			<string>sourcecode.c.objc</string>
			<key>path</key>
			<string>ContactTableViewCell.m</string>
			<key>sourceTree</key>
			<string>&lt;group&gt;</string>
		</dict>
		<key>B5408B121904A1D60033DF1A</key>
		<dict>
			<key>fileEncoding</key>
			<string>4</string>
			<key>isa</key>
			<string>PBXFileReference</string>
			<key>lastKnownFileType</key>
			<string>sourcecode.c.h</string>
			<key>path</key>
			<string>EditInputViewCell.h</string>
			<key>sourceTree</key>
			<string>&lt;group&gt;</string>
		</dict>
		<key>B5408B131904A1D60033DF1A</key>
		<dict>
			<key>fileEncoding</key>
			<string>4</string>
			<key>isa</key>
			<string>PBXFileReference</string>
			<key>lastKnownFileType</key>
			<string>sourcecode.c.objc</string>
			<key>path</key>
			<string>EditInputViewCell.m</string>
			<key>sourceTree</key>
			<string>&lt;group&gt;</string>
		</dict>
		<key>B5408B171904A1D60033DF1A</key>
		<dict>
			<key>fileRef</key>
			<string>B5408AF61904A1D60033DF1A</string>
			<key>isa</key>
			<string>PBXBuildFile</string>
		</dict>
		<key>B5408B181904A1D60033DF1A</key>
		<dict>
			<key>fileRef</key>
			<string>B5408AF91904A1D60033DF1A</string>
			<key>isa</key>
			<string>PBXBuildFile</string>
		</dict>
		<key>B5408B191904A1D60033DF1A</key>
		<dict>
			<key>fileRef</key>
			<string>B5408AFB1904A1D60033DF1A</string>
			<key>isa</key>
			<string>PBXBuildFile</string>
		</dict>
		<key>B5408B1A1904A1D60033DF1A</key>
		<dict>
			<key>fileRef</key>
			<string>B5408AFD1904A1D60033DF1A</string>
			<key>isa</key>
			<string>PBXBuildFile</string>
		</dict>
		<key>B5408B1C1904A1D60033DF1A</key>
		<dict>
			<key>fileRef</key>
			<string>B5408B011904A1D60033DF1A</string>
			<key>isa</key>
			<string>PBXBuildFile</string>
		</dict>
		<key>B5408B1D1904A1D60033DF1A</key>
		<dict>
			<key>fileRef</key>
			<string>B5408B031904A1D60033DF1A</string>
			<key>isa</key>
			<string>PBXBuildFile</string>
		</dict>
		<key>B5408B1E1904A1D60033DF1A</key>
		<dict>
			<key>fileRef</key>
			<string>B5408B051904A1D60033DF1A</string>
			<key>isa</key>
			<string>PBXBuildFile</string>
		</dict>
		<key>B5408B1F1904A1D60033DF1A</key>
		<dict>
			<key>fileRef</key>
			<string>B5408B071904A1D60033DF1A</string>
			<key>isa</key>
			<string>PBXBuildFile</string>
		</dict>
		<key>B5408B201904A1D60033DF1A</key>
		<dict>
			<key>fileRef</key>
			<string>B5408B091904A1D60033DF1A</string>
			<key>isa</key>
			<string>PBXBuildFile</string>
		</dict>
		<key>B5408B211904A1D60033DF1A</key>
		<dict>
			<key>fileRef</key>
			<string>B5408B0C1904A1D60033DF1A</string>
			<key>isa</key>
			<string>PBXBuildFile</string>
		</dict>
		<key>B5408B221904A1D60033DF1A</key>
		<dict>
			<key>fileRef</key>
			<string>B5408B0F1904A1D60033DF1A</string>
			<key>isa</key>
			<string>PBXBuildFile</string>
		</dict>
		<key>B5408B231904A1D60033DF1A</key>
		<dict>
			<key>fileRef</key>
			<string>B5408B111904A1D60033DF1A</string>
			<key>isa</key>
			<string>PBXBuildFile</string>
		</dict>
		<key>B5408B241904A1D60033DF1A</key>
		<dict>
			<key>fileRef</key>
			<string>B5408B131904A1D60033DF1A</string>
			<key>isa</key>
			<string>PBXBuildFile</string>
		</dict>
		<key>B5408B271904A2370033DF1A</key>
		<dict>
			<key>fileEncoding</key>
			<string>4</string>
			<key>isa</key>
			<string>PBXFileReference</string>
			<key>lastKnownFileType</key>
			<string>text</string>
			<key>path</key>
			<string>README.md</string>
			<key>sourceTree</key>
			<string>&lt;group&gt;</string>
		</dict>
		<key>B5408B281904A2370033DF1A</key>
		<dict>
			<key>fileRef</key>
			<string>B5408B271904A2370033DF1A</string>
			<key>isa</key>
			<string>PBXBuildFile</string>
		</dict>
		<key>B5408B291904A2550033DF1A</key>
		<dict>
			<key>children</key>
			<array>
				<string>B5408B2A1904A2550033DF1A</string>
				<string>4B7E5098199C087B00C174EE</string>
			</array>
			<key>isa</key>
			<string>PBXGroup</string>
			<key>path</key>
			<string>Resources</string>
			<key>sourceTree</key>
			<string>&lt;group&gt;</string>
		</dict>
		<key>B5408B2A1904A2550033DF1A</key>
		<dict>
			<key>isa</key>
			<string>PBXFileReference</string>
			<key>lastKnownFileType</key>
			<string>folder.assetcatalog</string>
			<key>path</key>
			<string>Images.xcassets</string>
			<key>sourceTree</key>
			<string>&lt;group&gt;</string>
		</dict>
		<key>B5408B2F1904A2550033DF1A</key>
		<dict>
			<key>fileRef</key>
			<string>B5408B2A1904A2550033DF1A</string>
			<key>isa</key>
			<string>PBXBuildFile</string>
		</dict>
		<key>B55B8919190498FB00561F17</key>
		<dict>
			<key>children</key>
			<array>
				<string>B55B895619049AC400561F17</string>
				<string>B55B895719049AC400561F17</string>
			</array>
			<key>isa</key>
			<string>PBXGroup</string>
			<key>name</key>
			<string>Supporting Files</string>
			<key>path</key>
			<string>nimple-iOS</string>
			<key>sourceTree</key>
			<string>&lt;group&gt;</string>
		</dict>
		<key>B55B895619049AC400561F17</key>
		<dict>
			<key>fileEncoding</key>
			<string>4</string>
			<key>isa</key>
			<string>PBXFileReference</string>
			<key>lastKnownFileType</key>
			<string>text.plist.xml</string>
			<key>path</key>
			<string>nimple-iOS-Info.plist</string>
			<key>sourceTree</key>
			<string>SOURCE_ROOT</string>
		</dict>
		<key>B55B895719049AC400561F17</key>
		<dict>
			<key>fileEncoding</key>
			<string>4</string>
			<key>isa</key>
			<string>PBXFileReference</string>
			<key>lastKnownFileType</key>
			<string>sourcecode.c.h</string>
			<key>path</key>
			<string>nimple-iOS-Prefix.pch</string>
			<key>sourceTree</key>
			<string>SOURCE_ROOT</string>
		</dict>
		<key>B5BE972919053FD100F49DEC</key>
		<dict>
			<key>fileEncoding</key>
			<string>4</string>
			<key>isa</key>
			<string>PBXFileReference</string>
			<key>lastKnownFileType</key>
			<string>sourcecode.c.h</string>
			<key>path</key>
			<string>DisplayContactViewController.h</string>
			<key>sourceTree</key>
			<string>&lt;group&gt;</string>
		</dict>
		<key>B5BE972A19053FD100F49DEC</key>
		<dict>
			<key>fileEncoding</key>
			<string>4</string>
			<key>isa</key>
			<string>PBXFileReference</string>
			<key>lastKnownFileType</key>
			<string>sourcecode.c.objc</string>
			<key>lineEnding</key>
			<string>0</string>
			<key>path</key>
			<string>DisplayContactViewController.m</string>
			<key>sourceTree</key>
			<string>&lt;group&gt;</string>
			<key>xcLanguageSpecificationIdentifier</key>
			<string>xcode.lang.objc</string>
		</dict>
		<key>B5BE972B19053FD100F49DEC</key>
		<dict>
			<key>fileRef</key>
			<string>B5BE972A19053FD100F49DEC</string>
			<key>isa</key>
			<string>PBXBuildFile</string>
		</dict>
		<key>B5E1AE021909C3330051589D</key>
		<dict>
			<key>fileEncoding</key>
			<string>4</string>
			<key>isa</key>
			<string>PBXFileReference</string>
			<key>lastKnownFileType</key>
			<string>sourcecode.c.h</string>
			<key>path</key>
			<string>Crypto.h</string>
			<key>sourceTree</key>
			<string>&lt;group&gt;</string>
		</dict>
		<key>B5E1AE031909C3330051589D</key>
		<dict>
			<key>fileEncoding</key>
			<string>4</string>
			<key>isa</key>
			<string>PBXFileReference</string>
			<key>lastKnownFileType</key>
			<string>sourcecode.c.objc</string>
			<key>path</key>
			<string>Crypto.m</string>
			<key>sourceTree</key>
			<string>&lt;group&gt;</string>
		</dict>
		<key>B5E1AE041909C3330051589D</key>
		<dict>
			<key>fileRef</key>
			<string>B5E1AE031909C3330051589D</string>
			<key>isa</key>
			<string>PBXBuildFile</string>
		</dict>
		<key>D10ADD4018D11961001450E8</key>
		<dict>
			<key>isa</key>
			<string>PBXFileReference</string>
			<key>lastKnownFileType</key>
			<string>wrapper.framework</string>
			<key>name</key>
			<string>Social.framework</string>
			<key>path</key>
			<string>System/Library/Frameworks/Social.framework</string>
			<key>sourceTree</key>
			<string>SDKROOT</string>
		</dict>
		<key>D10ADD4118D11961001450E8</key>
		<dict>
			<key>fileRef</key>
			<string>D10ADD4018D11961001450E8</string>
			<key>isa</key>
			<string>PBXBuildFile</string>
		</dict>
		<key>D151DA6418B432F700C5850F</key>
		<dict>
			<key>children</key>
			<array>
				<string>B5408AF31904A1D60033DF1A</string>
				<string>B5408B291904A2550033DF1A</string>
				<string>B55B8919190498FB00561F17</string>
				<string>D151DA6F18B432F700C5850F</string>
				<string>D151DA6E18B432F700C5850F</string>
				<string>B5408B271904A2370033DF1A</string>
				<string>D1ABE42D18C1F50F00154101</string>
				<string>A8B4B80C86C007330F4E215C</string>
			</array>
			<key>isa</key>
			<string>PBXGroup</string>
			<key>sourceTree</key>
			<string>&lt;group&gt;</string>
		</dict>
		<key>D151DA6518B432F700C5850F</key>
		<dict>
			<key>attributes</key>
			<dict>
				<key>CLASSPREFIX</key>
				<string>Nimple</string>
				<key>LastUpgradeCheck</key>
				<string>0510</string>
				<key>ORGANIZATIONNAME</key>
				<string>nimple</string>
				<key>TargetAttributes</key>
				<dict>
					<key>D151DA6C18B432F700C5850F</key>
					<dict>
						<key>DevelopmentTeam</key>
						<string>BRCR8B3TM9</string>
						<key>SystemCapabilities</key>
						<dict>
							<key>com.apple.InAppPurchase</key>
							<dict>
								<key>enabled</key>
								<string>1</string>
							</dict>
						</dict>
					</dict>
				</dict>
			</dict>
			<key>buildConfigurationList</key>
			<string>D151DA6818B432F700C5850F</string>
			<key>compatibilityVersion</key>
			<string>Xcode 3.2</string>
			<key>developmentRegion</key>
			<string>English</string>
			<key>hasScannedForEncodings</key>
			<string>0</string>
			<key>isa</key>
			<string>PBXProject</string>
			<key>knownRegions</key>
			<array>
				<string>en</string>
				<string>Base</string>
				<string>de</string>
				<string>es</string>
				<string>fr</string>
				<string>it</string>
				<string>pt</string>
				<string>pl</string>
				<string>ru</string>
				<string>tr</string>
			</array>
			<key>mainGroup</key>
			<string>D151DA6418B432F700C5850F</string>
			<key>productRefGroup</key>
			<string>D151DA6E18B432F700C5850F</string>
			<key>projectDirPath</key>
			<string></string>
			<key>projectReferences</key>
			<array/>
			<key>projectRoot</key>
			<string></string>
			<key>targets</key>
			<array>
				<string>D151DA6C18B432F700C5850F</string>
			</array>
		</dict>
		<key>D151DA6818B432F700C5850F</key>
		<dict>
			<key>buildConfigurations</key>
			<array>
				<string>D151DAA018B432F800C5850F</string>
				<string>D151DAA118B432F800C5850F</string>
			</array>
			<key>defaultConfigurationIsVisible</key>
			<string>0</string>
			<key>defaultConfigurationName</key>
			<string>Release</string>
			<key>isa</key>
			<string>XCConfigurationList</string>
		</dict>
		<key>D151DA6918B432F700C5850F</key>
		<dict>
			<key>buildActionMask</key>
			<string>2147483647</string>
			<key>files</key>
			<array>
				<string>B5408B1E1904A1D60033DF1A</string>
				<string>B5E1AE041909C3330051589D</string>
				<string>4B1B7F3C199A24400098DB91</string>
				<string>B5BE972B19053FD100F49DEC</string>
				<string>B5408B201904A1D60033DF1A</string>
				<string>4B4E678019A0FFBB00784D07</string>
				<string>B5408B1C1904A1D60033DF1A</string>
				<string>B5408B171904A1D60033DF1A</string>
				<string>B5408B191904A1D60033DF1A</string>
				<string>B5408B1D1904A1D60033DF1A</string>
				<string>B5408B181904A1D60033DF1A</string>
				<string>4B7E50A6199C1EE400C174EE</string>
				<string>B5408B1F1904A1D60033DF1A</string>
				<string>B5408B241904A1D60033DF1A</string>
				<string>B5408B1A1904A1D60033DF1A</string>
				<string>B526D76D1909AB1000055177</string>
				<string>B5408B221904A1D60033DF1A</string>
				<string>B53CD23A1904AAB200928B43</string>
				<string>B5408B211904A1D60033DF1A</string>
				<string>B5408B231904A1D60033DF1A</string>
				<string>4BC48748199E218100FA0BE4</string>
			</array>
			<key>isa</key>
			<string>PBXSourcesBuildPhase</string>
			<key>runOnlyForDeploymentPostprocessing</key>
			<string>0</string>
		</dict>
		<key>D151DA6A18B432F700C5850F</key>
		<dict>
			<key>buildActionMask</key>
			<string>2147483647</string>
			<key>files</key>
			<array>
				<string>D1CB490218C4EE9700414E5D</string>
				<string>4BC7816019CD85D50026F72E</string>
				<string>D1B25C4B18D4B9890046A333</string>
				<string>D10ADD4118D11961001450E8</string>
				<string>D1CB490918C500C800414E5D</string>
				<string>D1CB490718C500BD00414E5D</string>
				<string>D1E55F1718C1F1450035D828</string>
				<string>9E9CAB2018C11C7F00A4FE27</string>
				<string>9E6858BA18C0F47E00C7D889</string>
				<string>B5408AF21904A1A70033DF1A</string>
				<string>D151DA7318B432F700C5850F</string>
				<string>D151DA7518B432F700C5850F</string>
				<string>D151DA7118B432F700C5850F</string>
				<string>946A20D5F5C647489F69E299</string>
			</array>
			<key>isa</key>
			<string>PBXFrameworksBuildPhase</string>
			<key>runOnlyForDeploymentPostprocessing</key>
			<string>0</string>
		</dict>
		<key>D151DA6B18B432F700C5850F</key>
		<dict>
			<key>buildActionMask</key>
			<string>2147483647</string>
			<key>files</key>
			<array>
				<string>4B7E50A3199C087B00C174EE</string>
				<string>B5408B2F1904A2550033DF1A</string>
				<string>4B220DC719A40BC900163E5C</string>
				<string>D1ABE42E18C1F50F00154101</string>
				<string>B5408B281904A2370033DF1A</string>
			</array>
			<key>isa</key>
			<string>PBXResourcesBuildPhase</string>
			<key>runOnlyForDeploymentPostprocessing</key>
			<string>0</string>
		</dict>
		<key>D151DA6C18B432F700C5850F</key>
		<dict>
			<key>buildConfigurationList</key>
			<string>D151DAA218B432F800C5850F</string>
			<key>buildPhases</key>
			<array>
				<string>08D412D5137F47E28DDF7534</string>
				<string>D151DA6918B432F700C5850F</string>
				<string>D151DA6A18B432F700C5850F</string>
				<string>D151DA6B18B432F700C5850F</string>
				<string>6F2291329DE145489E46EDA6</string>
			</array>
			<key>buildRules</key>
			<array/>
			<key>dependencies</key>
			<array/>
			<key>isa</key>
			<string>PBXNativeTarget</string>
			<key>name</key>
			<string>nimple-iOS</string>
			<key>productName</key>
			<string>nimple-iOS</string>
			<key>productReference</key>
			<string>D151DA6D18B432F700C5850F</string>
			<key>productType</key>
			<string>com.apple.product-type.application</string>
		</dict>
		<key>D151DA6D18B432F700C5850F</key>
		<dict>
			<key>explicitFileType</key>
			<string>wrapper.application</string>
			<key>includeInIndex</key>
			<string>0</string>
			<key>isa</key>
			<string>PBXFileReference</string>
			<key>path</key>
			<string>nimple-iOS.app</string>
			<key>sourceTree</key>
			<string>BUILT_PRODUCTS_DIR</string>
		</dict>
		<key>D151DA6E18B432F700C5850F</key>
		<dict>
			<key>children</key>
			<array>
				<string>D151DA6D18B432F700C5850F</string>
			</array>
			<key>isa</key>
			<string>PBXGroup</string>
			<key>name</key>
			<string>Products</string>
			<key>sourceTree</key>
			<string>&lt;group&gt;</string>
		</dict>
		<key>D151DA6F18B432F700C5850F</key>
		<dict>
			<key>children</key>
			<array>
				<string>4BC7815F19CD85D50026F72E</string>
				<string>D1B25C4A18D4B9890046A333</string>
				<string>D10ADD4018D11961001450E8</string>
				<string>D1CB490818C500C800414E5D</string>
				<string>D1CB490618C500BD00414E5D</string>
				<string>D1CB490118C4EE9700414E5D</string>
				<string>D1E55F1618C1F1450035D828</string>
				<string>9E9CAB1F18C11C7F00A4FE27</string>
				<string>9E6858B918C0F47E00C7D889</string>
				<string>D151DA7018B432F700C5850F</string>
				<string>D151DA7218B432F700C5850F</string>
				<string>D151DA7418B432F700C5850F</string>
				<string>D151DA9218B432F800C5850F</string>
				<string>B5408AF11904A1A70033DF1A</string>
				<string>A798CAD0311D484FB6A0B5A1</string>
			</array>
			<key>isa</key>
			<string>PBXGroup</string>
			<key>name</key>
			<string>Frameworks</string>
			<key>sourceTree</key>
			<string>&lt;group&gt;</string>
		</dict>
		<key>D151DA7018B432F700C5850F</key>
		<dict>
			<key>isa</key>
			<string>PBXFileReference</string>
			<key>lastKnownFileType</key>
			<string>wrapper.framework</string>
			<key>name</key>
			<string>Foundation.framework</string>
			<key>path</key>
			<string>System/Library/Frameworks/Foundation.framework</string>
			<key>sourceTree</key>
			<string>SDKROOT</string>
		</dict>
		<key>D151DA7118B432F700C5850F</key>
		<dict>
			<key>fileRef</key>
			<string>D151DA7018B432F700C5850F</string>
			<key>isa</key>
			<string>PBXBuildFile</string>
		</dict>
		<key>D151DA7218B432F700C5850F</key>
		<dict>
			<key>isa</key>
			<string>PBXFileReference</string>
			<key>lastKnownFileType</key>
			<string>wrapper.framework</string>
			<key>name</key>
			<string>CoreGraphics.framework</string>
			<key>path</key>
			<string>System/Library/Frameworks/CoreGraphics.framework</string>
			<key>sourceTree</key>
			<string>SDKROOT</string>
		</dict>
		<key>D151DA7318B432F700C5850F</key>
		<dict>
			<key>fileRef</key>
			<string>D151DA7218B432F700C5850F</string>
			<key>isa</key>
			<string>PBXBuildFile</string>
		</dict>
		<key>D151DA7418B432F700C5850F</key>
		<dict>
			<key>isa</key>
			<string>PBXFileReference</string>
			<key>lastKnownFileType</key>
			<string>wrapper.framework</string>
			<key>name</key>
			<string>UIKit.framework</string>
			<key>path</key>
			<string>System/Library/Frameworks/UIKit.framework</string>
			<key>sourceTree</key>
			<string>SDKROOT</string>
		</dict>
		<key>D151DA7518B432F700C5850F</key>
		<dict>
			<key>fileRef</key>
			<string>D151DA7418B432F700C5850F</string>
			<key>isa</key>
			<string>PBXBuildFile</string>
		</dict>
		<key>D151DA9218B432F800C5850F</key>
		<dict>
			<key>isa</key>
			<string>PBXFileReference</string>
			<key>lastKnownFileType</key>
			<string>wrapper.framework</string>
			<key>name</key>
			<string>XCTest.framework</string>
			<key>path</key>
			<string>Library/Frameworks/XCTest.framework</string>
			<key>sourceTree</key>
			<string>DEVELOPER_DIR</string>
		</dict>
		<key>D151DAA018B432F800C5850F</key>
		<dict>
			<key>buildSettings</key>
			<dict>
				<key>ALWAYS_SEARCH_USER_PATHS</key>
				<string>NO</string>
				<key>CLANG_CXX_LANGUAGE_STANDARD</key>
				<string>gnu++0x</string>
				<key>CLANG_CXX_LIBRARY</key>
				<string>libc++</string>
				<key>CLANG_ENABLE_MODULES</key>
				<string>YES</string>
				<key>CLANG_ENABLE_OBJC_ARC</key>
				<string>YES</string>
				<key>CLANG_WARN_BOOL_CONVERSION</key>
				<string>YES</string>
				<key>CLANG_WARN_CONSTANT_CONVERSION</key>
				<string>YES</string>
				<key>CLANG_WARN_DIRECT_OBJC_ISA_USAGE</key>
				<string>YES_ERROR</string>
				<key>CLANG_WARN_EMPTY_BODY</key>
				<string>YES</string>
				<key>CLANG_WARN_ENUM_CONVERSION</key>
				<string>YES</string>
				<key>CLANG_WARN_INT_CONVERSION</key>
				<string>YES</string>
				<key>CLANG_WARN_OBJC_ROOT_CLASS</key>
				<string>YES_ERROR</string>
				<key>CLANG_WARN__DUPLICATE_METHOD_MATCH</key>
				<string>YES</string>
				<key>CODE_SIGN_IDENTITY[sdk=iphoneos*]</key>
				<string>iPhone Developer</string>
				<key>COPY_PHASE_STRIP</key>
				<string>NO</string>
				<key>GCC_C_LANGUAGE_STANDARD</key>
				<string>gnu99</string>
				<key>GCC_DYNAMIC_NO_PIC</key>
				<string>NO</string>
				<key>GCC_OPTIMIZATION_LEVEL</key>
				<string>0</string>
				<key>GCC_PREPROCESSOR_DEFINITIONS</key>
				<array>
					<string>DEBUG=1</string>
					<string>$(inherited)</string>
				</array>
				<key>GCC_SYMBOLS_PRIVATE_EXTERN</key>
				<string>NO</string>
				<key>GCC_WARN_64_TO_32_BIT_CONVERSION</key>
				<string>YES</string>
				<key>GCC_WARN_ABOUT_RETURN_TYPE</key>
				<string>YES_ERROR</string>
				<key>GCC_WARN_UNDECLARED_SELECTOR</key>
				<string>YES</string>
				<key>GCC_WARN_UNINITIALIZED_AUTOS</key>
				<string>YES</string>
				<key>GCC_WARN_UNUSED_FUNCTION</key>
				<string>YES</string>
				<key>GCC_WARN_UNUSED_VARIABLE</key>
				<string>YES</string>
				<key>IPHONEOS_DEPLOYMENT_TARGET</key>
				<string>7.0</string>
				<key>ONLY_ACTIVE_ARCH</key>
				<string>YES</string>
				<key>SDKROOT</key>
				<string>iphoneos</string>
				<key>TARGETED_DEVICE_FAMILY</key>
				<string>1,2</string>
			</dict>
			<key>isa</key>
			<string>XCBuildConfiguration</string>
			<key>name</key>
			<string>Debug</string>
		</dict>
		<key>D151DAA118B432F800C5850F</key>
		<dict>
			<key>buildSettings</key>
			<dict>
				<key>ALWAYS_SEARCH_USER_PATHS</key>
				<string>NO</string>
				<key>CLANG_CXX_LANGUAGE_STANDARD</key>
				<string>gnu++0x</string>
				<key>CLANG_CXX_LIBRARY</key>
				<string>libc++</string>
				<key>CLANG_ENABLE_MODULES</key>
				<string>YES</string>
				<key>CLANG_ENABLE_OBJC_ARC</key>
				<string>YES</string>
				<key>CLANG_WARN_BOOL_CONVERSION</key>
				<string>YES</string>
				<key>CLANG_WARN_CONSTANT_CONVERSION</key>
				<string>YES</string>
				<key>CLANG_WARN_DIRECT_OBJC_ISA_USAGE</key>
				<string>YES_ERROR</string>
				<key>CLANG_WARN_EMPTY_BODY</key>
				<string>YES</string>
				<key>CLANG_WARN_ENUM_CONVERSION</key>
				<string>YES</string>
				<key>CLANG_WARN_INT_CONVERSION</key>
				<string>YES</string>
				<key>CLANG_WARN_OBJC_ROOT_CLASS</key>
				<string>YES_ERROR</string>
				<key>CLANG_WARN__DUPLICATE_METHOD_MATCH</key>
				<string>YES</string>
				<key>CODE_SIGN_IDENTITY[sdk=iphoneos*]</key>
				<string>iPhone Developer</string>
				<key>COPY_PHASE_STRIP</key>
				<string>YES</string>
				<key>ENABLE_NS_ASSERTIONS</key>
				<string>NO</string>
				<key>GCC_C_LANGUAGE_STANDARD</key>
				<string>gnu99</string>
				<key>GCC_WARN_64_TO_32_BIT_CONVERSION</key>
				<string>YES</string>
				<key>GCC_WARN_ABOUT_RETURN_TYPE</key>
				<string>YES_ERROR</string>
				<key>GCC_WARN_UNDECLARED_SELECTOR</key>
				<string>YES</string>
				<key>GCC_WARN_UNINITIALIZED_AUTOS</key>
				<string>YES</string>
				<key>GCC_WARN_UNUSED_FUNCTION</key>
				<string>YES</string>
				<key>GCC_WARN_UNUSED_VARIABLE</key>
				<string>YES</string>
				<key>IPHONEOS_DEPLOYMENT_TARGET</key>
				<string>7.0</string>
				<key>SDKROOT</key>
				<string>iphoneos</string>
				<key>TARGETED_DEVICE_FAMILY</key>
				<string>1,2</string>
				<key>VALIDATE_PRODUCT</key>
				<string>YES</string>
			</dict>
			<key>isa</key>
			<string>XCBuildConfiguration</string>
			<key>name</key>
			<string>Release</string>
		</dict>
		<key>D151DAA218B432F800C5850F</key>
		<dict>
			<key>buildConfigurations</key>
			<array>
				<string>D151DAA318B432F800C5850F</string>
				<string>D151DAA418B432F800C5850F</string>
			</array>
			<key>defaultConfigurationIsVisible</key>
			<string>0</string>
			<key>defaultConfigurationName</key>
			<string>Release</string>
			<key>isa</key>
			<string>XCConfigurationList</string>
		</dict>
		<key>D151DAA318B432F800C5850F</key>
		<dict>
			<key>baseConfigurationReference</key>
			<string>B0433634D5D5B22A9E4BA45F</string>
			<key>buildSettings</key>
			<dict>
				<key>ASSETCATALOG_COMPILER_APPICON_NAME</key>
				<string>AppIcon</string>
				<key>ASSETCATALOG_COMPILER_LAUNCHIMAGE_NAME</key>
				<string>LaunchImage</string>
				<key>CODE_SIGN_IDENTITY</key>
				<string>iPhone Developer</string>
				<key>CODE_SIGN_IDENTITY[sdk=iphoneos*]</key>
				<string>iPhone Developer</string>
				<key>FRAMEWORK_SEARCH_PATHS</key>
				<array>
					<string>$(inherited)</string>
					<string>.</string>
					<string>$(PROJECT_DIR)/Externals</string>
				</array>
				<key>GCC_PRECOMPILE_PREFIX_HEADER</key>
				<string>YES</string>
				<key>GCC_PREFIX_HEADER</key>
				<string>$(SRCROOT)/nimple-iOS-Prefix.pch</string>
				<key>INFOPLIST_FILE</key>
				<string>$(SRCROOT)/nimple-iOS-Info.plist</string>
				<key>IPHONEOS_DEPLOYMENT_TARGET</key>
				<string>7.0</string>
				<key>PRODUCT_NAME</key>
				<string>$(TARGET_NAME)</string>
				<key>PROVISIONING_PROFILE</key>
				<string></string>
				<key>TARGETED_DEVICE_FAMILY</key>
				<string>1</string>
				<key>WRAPPER_EXTENSION</key>
				<string>app</string>
			</dict>
			<key>isa</key>
			<string>XCBuildConfiguration</string>
			<key>name</key>
			<string>Debug</string>
		</dict>
		<key>D151DAA418B432F800C5850F</key>
		<dict>
			<key>baseConfigurationReference</key>
			<string>461CA1817BCE6A38C1B70AB7</string>
			<key>buildSettings</key>
			<dict>
				<key>ASSETCATALOG_COMPILER_APPICON_NAME</key>
				<string>AppIcon</string>
				<key>ASSETCATALOG_COMPILER_LAUNCHIMAGE_NAME</key>
				<string>LaunchImage</string>
				<key>CODE_SIGN_IDENTITY</key>
				<string>iPhone Developer</string>
				<key>CODE_SIGN_IDENTITY[sdk=iphoneos*]</key>
				<string>iPhone Developer</string>
				<key>FRAMEWORK_SEARCH_PATHS</key>
				<array>
					<string>$(inherited)</string>
					<string>.</string>
					<string>$(PROJECT_DIR)/Externals</string>
				</array>
				<key>GCC_PRECOMPILE_PREFIX_HEADER</key>
				<string>YES</string>
				<key>GCC_PREFIX_HEADER</key>
				<string>$(SRCROOT)/nimple-iOS-Prefix.pch</string>
				<key>INFOPLIST_FILE</key>
				<string>$(SRCROOT)/nimple-iOS-Info.plist</string>
				<key>IPHONEOS_DEPLOYMENT_TARGET</key>
				<string>7.0</string>
				<key>PRODUCT_NAME</key>
				<string>$(TARGET_NAME)</string>
				<key>PROVISIONING_PROFILE</key>
				<string></string>
				<key>TARGETED_DEVICE_FAMILY</key>
				<string>1</string>
				<key>WRAPPER_EXTENSION</key>
				<string>app</string>
			</dict>
			<key>isa</key>
			<string>XCBuildConfiguration</string>
			<key>name</key>
			<string>Release</string>
		</dict>
		<key>D1ABE42D18C1F50F00154101</key>
		<dict>
			<key>fileEncoding</key>
			<string>4</string>
			<key>isa</key>
			<string>PBXFileReference</string>
			<key>lastKnownFileType</key>
			<string>text</string>
			<key>path</key>
			<string>Podfile</string>
			<key>sourceTree</key>
			<string>&lt;group&gt;</string>
			<key>xcLanguageSpecificationIdentifier</key>
			<string>xcode.lang.ruby</string>
		</dict>
		<key>D1ABE42E18C1F50F00154101</key>
		<dict>
			<key>fileRef</key>
			<string>D1ABE42D18C1F50F00154101</string>
			<key>isa</key>
			<string>PBXBuildFile</string>
		</dict>
		<key>D1B25C4A18D4B9890046A333</key>
		<dict>
			<key>isa</key>
			<string>PBXFileReference</string>
			<key>lastKnownFileType</key>
			<string>wrapper.framework</string>
			<key>name</key>
			<string>Accounts.framework</string>
			<key>path</key>
			<string>System/Library/Frameworks/Accounts.framework</string>
			<key>sourceTree</key>
			<string>SDKROOT</string>
		</dict>
		<key>D1B25C4B18D4B9890046A333</key>
		<dict>
			<key>fileRef</key>
			<string>D1B25C4A18D4B9890046A333</string>
			<key>isa</key>
			<string>PBXBuildFile</string>
		</dict>
		<key>D1CB490118C4EE9700414E5D</key>
		<dict>
			<key>isa</key>
			<string>PBXFileReference</string>
			<key>lastKnownFileType</key>
			<string>wrapper.framework</string>
			<key>name</key>
			<string>MessageUI.framework</string>
			<key>path</key>
			<string>System/Library/Frameworks/MessageUI.framework</string>
			<key>sourceTree</key>
			<string>SDKROOT</string>
		</dict>
		<key>D1CB490218C4EE9700414E5D</key>
		<dict>
			<key>fileRef</key>
			<string>D1CB490118C4EE9700414E5D</string>
			<key>isa</key>
			<string>PBXBuildFile</string>
			<key>settings</key>
			<dict>
				<key>ATTRIBUTES</key>
				<array>
					<string>Required</string>
				</array>
			</dict>
		</dict>
		<key>D1CB490618C500BD00414E5D</key>
		<dict>
			<key>isa</key>
			<string>PBXFileReference</string>
			<key>lastKnownFileType</key>
			<string>wrapper.framework</string>
			<key>name</key>
			<string>AddressBookUI.framework</string>
			<key>path</key>
			<string>System/Library/Frameworks/AddressBookUI.framework</string>
			<key>sourceTree</key>
			<string>SDKROOT</string>
		</dict>
		<key>D1CB490718C500BD00414E5D</key>
		<dict>
			<key>fileRef</key>
			<string>D1CB490618C500BD00414E5D</string>
			<key>isa</key>
			<string>PBXBuildFile</string>
		</dict>
		<key>D1CB490818C500C800414E5D</key>
		<dict>
			<key>isa</key>
			<string>PBXFileReference</string>
			<key>lastKnownFileType</key>
			<string>wrapper.framework</string>
			<key>name</key>
			<string>AddressBook.framework</string>
			<key>path</key>
			<string>System/Library/Frameworks/AddressBook.framework</string>
			<key>sourceTree</key>
			<string>SDKROOT</string>
		</dict>
		<key>D1CB490918C500C800414E5D</key>
		<dict>
			<key>fileRef</key>
			<string>D1CB490818C500C800414E5D</string>
			<key>isa</key>
			<string>PBXBuildFile</string>
		</dict>
		<key>D1E55F1618C1F1450035D828</key>
		<dict>
			<key>isa</key>
			<string>PBXFileReference</string>
			<key>lastKnownFileType</key>
			<string>wrapper.framework</string>
			<key>name</key>
			<string>CoreData.framework</string>
			<key>path</key>
			<string>System/Library/Frameworks/CoreData.framework</string>
			<key>sourceTree</key>
			<string>SDKROOT</string>
		</dict>
		<key>D1E55F1718C1F1450035D828</key>
		<dict>
			<key>fileRef</key>
			<string>D1E55F1618C1F1450035D828</string>
			<key>isa</key>
			<string>PBXBuildFile</string>
		</dict>
	</dict>
	<key>rootObject</key>
	<string>D151DA6518B432F700C5850F</string>
</dict>
</plist>
